
Microsoft Visual Studio Solution File, Format Version 12.00
# Visual Studio 15
VisualStudioVersion = 15.0.26403.7
MinimumVisualStudioVersion = 10.0.40219.1
Project("{F184B08F-C81C-45F6-A57F-5ABD9991F28F}") = "Owl.Core", "Owl.Core.vbproj", "{AF64EB7E-69BA-445B-9B97-2871C7D6D62B}"
EndProject
Project("{F184B08F-C81C-45F6-A57F-5ABD9991F28F}") = "Owl.Learning", "..\Owl.Learning\Owl.Learning.vbproj", "{BA178B4C-249E-43C7-98E3-473BAEBDA91B}"
	ProjectSection(ProjectDependencies) = postProject
		{AF64EB7E-69BA-445B-9B97-2871C7D6D62B} = {AF64EB7E-69BA-445B-9B97-2871C7D6D62B}
	EndProjectSection
EndProject
Global
	GlobalSection(SolutionConfigurationPlatforms) = preSolution
		Debug|Any CPU = Debug|Any CPU
		Debug|x86 = Debug|x86
		Debug32|Any CPU = Debug32|Any CPU
		Debug32|x86 = Debug32|x86
		Release|Any CPU = Release|Any CPU
		Release|x86 = Release|x86
	EndGlobalSection
	GlobalSection(ProjectConfigurationPlatforms) = postSolution
		{AF64EB7E-69BA-445B-9B97-2871C7D6D62B}.Debug|Any CPU.ActiveCfg = Debug|Any CPU
		{AF64EB7E-69BA-445B-9B97-2871C7D6D62B}.Debug|Any CPU.Build.0 = Debug|Any CPU
		{AF64EB7E-69BA-445B-9B97-2871C7D6D62B}.Debug|x86.ActiveCfg = Debug|x86
		{AF64EB7E-69BA-445B-9B97-2871C7D6D62B}.Debug|x86.Build.0 = Debug|x86
		{AF64EB7E-69BA-445B-9B97-2871C7D6D62B}.Debug32|Any CPU.ActiveCfg = Debug32|x86
		{AF64EB7E-69BA-445B-9B97-2871C7D6D62B}.Debug32|Any CPU.Build.0 = Debug32|x86
		{AF64EB7E-69BA-445B-9B97-2871C7D6D62B}.Debug32|x86.ActiveCfg = Debug32|x86
		{AF64EB7E-69BA-445B-9B97-2871C7D6D62B}.Debug32|x86.Build.0 = Debug32|x86
		{AF64EB7E-69BA-445B-9B97-2871C7D6D62B}.Release|Any CPU.ActiveCfg = Release|Any CPU
		{AF64EB7E-69BA-445B-9B97-2871C7D6D62B}.Release|Any CPU.Build.0 = Release|Any CPU
		{AF64EB7E-69BA-445B-9B97-2871C7D6D62B}.Release|x86.ActiveCfg = Release|x86
		{AF64EB7E-69BA-445B-9B97-2871C7D6D62B}.Release|x86.Build.0 = Release|x86
		{BA178B4C-249E-43C7-98E3-473BAEBDA91B}.Debug|Any CPU.ActiveCfg = Debug|Any CPU
		{BA178B4C-249E-43C7-98E3-473BAEBDA91B}.Debug|Any CPU.Build.0 = Debug|Any CPU
		{BA178B4C-249E-43C7-98E3-473BAEBDA91B}.Debug|x86.ActiveCfg = Debug|Any CPU
		{BA178B4C-249E-43C7-98E3-473BAEBDA91B}.Debug|x86.Build.0 = Debug|Any CPU
		{BA178B4C-249E-43C7-98E3-473BAEBDA91B}.Debug32|Any CPU.ActiveCfg = Debug|Any CPU
		{BA178B4C-249E-43C7-98E3-473BAEBDA91B}.Debug32|Any CPU.Build.0 = Debug|Any CPU
		{BA178B4C-249E-43C7-98E3-473BAEBDA91B}.Debug32|x86.ActiveCfg = Debug|Any CPU
		{BA178B4C-249E-43C7-98E3-473BAEBDA91B}.Debug32|x86.Build.0 = Debug|Any CPU
		{BA178B4C-249E-43C7-98E3-473BAEBDA91B}.Release|Any CPU.ActiveCfg = Release|Any CPU
		{BA178B4C-249E-43C7-98E3-473BAEBDA91B}.Release|Any CPU.Build.0 = Release|Any CPU
		{BA178B4C-249E-43C7-98E3-473BAEBDA91B}.Release|x86.ActiveCfg = Release|Any CPU
		{BA178B4C-249E-43C7-98E3-473BAEBDA91B}.Release|x86.Build.0 = Release|Any CPU
	EndGlobalSection
	GlobalSection(SolutionProperties) = preSolution
		HideSolutionNode = FALSE
	EndGlobalSection
EndGlobal
